
Microsoft Visual Studio Solution File, Format Version 12.00
# Visual Studio 15
VisualStudioVersion = 15.0.26124.0
MinimumVisualStudioVersion = 15.0.26124.0
Project("{FAE04EC0-301F-11D3-BF4B-00C04F79EFBC}") = "Pets.Api", "Pets.Api\Pets.Api.csproj", "{0B5FDE0D-DCF4-4A26-BA76-00F5FC8A23F5}"
EndProject
Project("{FAE04EC0-301F-11D3-BF4B-00C04F79EFBC}") = "Pets.Model", "Pets.Model\Pets.Model.csproj", "{6362822F-C743-4771-9439-45CBBD2CE703}"
EndProject
Project("{FAE04EC0-301F-11D3-BF4B-00C04F79EFBC}") = "Pets.Repository", "Pets.Repository\Pets.Repository.csproj", "{7FDBAFB6-E19E-40EA-A5BC-4CFE2202F5AF}"
EndProject
Project("{FAE04EC0-301F-11D3-BF4B-00C04F79EFBC}") = "Pets.Service", "Pets.Service\Pets.Service.csproj", "{CCD7E2CC-8E00-43C3-8518-7E8786D4E8C1}"
EndProject
Global
	GlobalSection(SolutionConfigurationPlatforms) = preSolution
		Debug|Any CPU = Debug|Any CPU
		Debug|x64 = Debug|x64
		Debug|x86 = Debug|x86
		Release|Any CPU = Release|Any CPU
		Release|x64 = Release|x64
		Release|x86 = Release|x86
	EndGlobalSection
	GlobalSection(SolutionProperties) = preSolution
		HideSolutionNode = FALSE
	EndGlobalSection
	GlobalSection(ProjectConfigurationPlatforms) = postSolution
		{0B5FDE0D-DCF4-4A26-BA76-00F5FC8A23F5}.Debug|Any CPU.ActiveCfg = Debug|Any CPU
		{0B5FDE0D-DCF4-4A26-BA76-00F5FC8A23F5}.Debug|Any CPU.Build.0 = Debug|Any CPU
		{0B5FDE0D-DCF4-4A26-BA76-00F5FC8A23F5}.Debug|x64.ActiveCfg = Debug|Any CPU
		{0B5FDE0D-DCF4-4A26-BA76-00F5FC8A23F5}.Debug|x64.Build.0 = Debug|Any CPU
		{0B5FDE0D-DCF4-4A26-BA76-00F5FC8A23F5}.Debug|x86.ActiveCfg = Debug|Any CPU
		{0B5FDE0D-DCF4-4A26-BA76-00F5FC8A23F5}.Debug|x86.Build.0 = Debug|Any CPU
		{0B5FDE0D-DCF4-4A26-BA76-00F5FC8A23F5}.Release|Any CPU.ActiveCfg = Release|Any CPU
		{0B5FDE0D-DCF4-4A26-BA76-00F5FC8A23F5}.Release|Any CPU.Build.0 = Release|Any CPU
		{0B5FDE0D-DCF4-4A26-BA76-00F5FC8A23F5}.Release|x64.ActiveCfg = Release|Any CPU
		{0B5FDE0D-DCF4-4A26-BA76-00F5FC8A23F5}.Release|x64.Build.0 = Release|Any CPU
		{0B5FDE0D-DCF4-4A26-BA76-00F5FC8A23F5}.Release|x86.ActiveCfg = Release|Any CPU
		{0B5FDE0D-DCF4-4A26-BA76-00F5FC8A23F5}.Release|x86.Build.0 = Release|Any CPU
		{6362822F-C743-4771-9439-45CBBD2CE703}.Debug|Any CPU.ActiveCfg = Debug|Any CPU
		{6362822F-C743-4771-9439-45CBBD2CE703}.Debug|Any CPU.Build.0 = Debug|Any CPU
		{6362822F-C743-4771-9439-45CBBD2CE703}.Debug|x64.ActiveCfg = Debug|Any CPU
		{6362822F-C743-4771-9439-45CBBD2CE703}.Debug|x64.Build.0 = Debug|Any CPU
		{6362822F-C743-4771-9439-45CBBD2CE703}.Debug|x86.ActiveCfg = Debug|Any CPU
		{6362822F-C743-4771-9439-45CBBD2CE703}.Debug|x86.Build.0 = Debug|Any CPU
		{6362822F-C743-4771-9439-45CBBD2CE703}.Release|Any CPU.ActiveCfg = Release|Any CPU
		{6362822F-C743-4771-9439-45CBBD2CE703}.Release|Any CPU.Build.0 = Release|Any CPU
		{6362822F-C743-4771-9439-45CBBD2CE703}.Release|x64.ActiveCfg = Release|Any CPU
		{6362822F-C743-4771-9439-45CBBD2CE703}.Release|x64.Build.0 = Release|Any CPU
		{6362822F-C743-4771-9439-45CBBD2CE703}.Release|x86.ActiveCfg = Release|Any CPU
		{6362822F-C743-4771-9439-45CBBD2CE703}.Release|x86.Build.0 = Release|Any CPU
		{7FDBAFB6-E19E-40EA-A5BC-4CFE2202F5AF}.Debug|Any CPU.ActiveCfg = Debug|Any CPU
		{7FDBAFB6-E19E-40EA-A5BC-4CFE2202F5AF}.Debug|Any CPU.Build.0 = Debug|Any CPU
		{7FDBAFB6-E19E-40EA-A5BC-4CFE2202F5AF}.Debug|x64.ActiveCfg = Debug|Any CPU
		{7FDBAFB6-E19E-40EA-A5BC-4CFE2202F5AF}.Debug|x64.Build.0 = Debug|Any CPU
		{7FDBAFB6-E19E-40EA-A5BC-4CFE2202F5AF}.Debug|x86.ActiveCfg = Debug|Any CPU
		{7FDBAFB6-E19E-40EA-A5BC-4CFE2202F5AF}.Debug|x86.Build.0 = Debug|Any CPU
		{7FDBAFB6-E19E-40EA-A5BC-4CFE2202F5AF}.Release|Any CPU.ActiveCfg = Release|Any CPU
		{7FDBAFB6-E19E-40EA-A5BC-4CFE2202F5AF}.Release|Any CPU.Build.0 = Release|Any CPU
		{7FDBAFB6-E19E-40EA-A5BC-4CFE2202F5AF}.Release|x64.ActiveCfg = Release|Any CPU
		{7FDBAFB6-E19E-40EA-A5BC-4CFE2202F5AF}.Release|x64.Build.0 = Release|Any CPU
		{7FDBAFB6-E19E-40EA-A5BC-4CFE2202F5AF}.Release|x86.ActiveCfg = Release|Any CPU
		{7FDBAFB6-E19E-40EA-A5BC-4CFE2202F5AF}.Release|x86.Build.0 = Release|Any CPU
		{CCD7E2CC-8E00-43C3-8518-7E8786D4E8C1}.Debug|Any CPU.ActiveCfg = Debug|Any CPU
		{CCD7E2CC-8E00-43C3-8518-7E8786D4E8C1}.Debug|Any CPU.Build.0 = Debug|Any CPU
		{CCD7E2CC-8E00-43C3-8518-7E8786D4E8C1}.Debug|x64.ActiveCfg = Debug|Any CPU
		{CCD7E2CC-8E00-43C3-8518-7E8786D4E8C1}.Debug|x64.Build.0 = Debug|Any CPU
		{CCD7E2CC-8E00-43C3-8518-7E8786D4E8C1}.Debug|x86.ActiveCfg = Debug|Any CPU
		{CCD7E2CC-8E00-43C3-8518-7E8786D4E8C1}.Debug|x86.Build.0 = Debug|Any CPU
		{CCD7E2CC-8E00-43C3-8518-7E8786D4E8C1}.Release|Any CPU.ActiveCfg = Release|Any CPU
		{CCD7E2CC-8E00-43C3-8518-7E8786D4E8C1}.Release|Any CPU.Build.0 = Release|Any CPU
		{CCD7E2CC-8E00-43C3-8518-7E8786D4E8C1}.Release|x64.ActiveCfg = Release|Any CPU
		{CCD7E2CC-8E00-43C3-8518-7E8786D4E8C1}.Release|x64.Build.0 = Release|Any CPU
		{CCD7E2CC-8E00-43C3-8518-7E8786D4E8C1}.Release|x86.ActiveCfg = Release|Any CPU
		{CCD7E2CC-8E00-43C3-8518-7E8786D4E8C1}.Release|x86.Build.0 = Release|Any CPU
	EndGlobalSection
EndGlobal
